
Microsoft Visual Studio Solution File, Format Version 12.00
# Visual Studio Version 16
VisualStudioVersion = 16.0.30413.136
MinimumVisualStudioVersion = 10.0.40219.1
Project("{FAE04EC0-301F-11D3-BF4B-00C04F79EFBC}") = "SOFM-ZafraTamadVariant", "SOFM-ZafraTamadVariant.csproj", "{F4B12A88-5290-472F-AD34-D264AC9664DC}"
EndProject
Global
	GlobalSection(SolutionConfigurationPlatforms) = preSolution
		Debug|Any CPU = Debug|Any CPU
		Release|Any CPU = Release|Any CPU
	EndGlobalSection
	GlobalSection(ProjectConfigurationPlatforms) = postSolution
		{F4B12A88-5290-472F-AD34-D264AC9664DC}.Debug|Any CPU.ActiveCfg = Debug|Any CPU
		{F4B12A88-5290-472F-AD34-D264AC9664DC}.Debug|Any CPU.Build.0 = Debug|Any CPU
		{F4B12A88-5290-472F-AD34-D264AC9664DC}.Release|Any CPU.ActiveCfg = Release|Any CPU
		{F4B12A88-5290-472F-AD34-D264AC9664DC}.Release|Any CPU.Build.0 = Release|Any CPU
	EndGlobalSection
	GlobalSection(SolutionProperties) = preSolution
		HideSolutionNode = FALSE
	EndGlobalSection
	GlobalSection(ExtensibilityGlobals) = postSolution
		SolutionGuid = {E93AA8FD-3A58-487C-82F5-E3F86B6C8C54}
	EndGlobalSection
EndGlobal
